
Microsoft Visual Studio Solution File, Format Version 12.00
# Visual Studio Version 16
VisualStudioVersion = 16.0.31515.178
MinimumVisualStudioVersion = 10.0.40219.1
Project("{FAE04EC0-301F-11D3-BF4B-00C04F79EFBC}") = "TimerDigitalWatch", "TimerDigitalWatch.csproj", "{C6FFFE48-A328-45DE-8F8E-58CDDDF58C17}"
EndProject
Project("{FAE04EC0-301F-11D3-BF4B-00C04F79EFBC}") = "StopWatchApplication", "..\StopWatchApplication\StopWatchApplication.csproj", "{FF9BE5B2-9D05-4822-BBDD-03102B67A6CD}"
EndProject
Project("{FAE04EC0-301F-11D3-BF4B-00C04F79EFBC}") = "TwoForm", "..\TwoForm\TwoForm.csproj", "{2DDB5448-0CE2-40C4-A00E-B02E10EB85D4}"
EndProject
Project("{FAE04EC0-301F-11D3-BF4B-00C04F79EFBC}") = "MESSAGEBOXKK", "..\MESSAGEBOXKK\MESSAGEBOXKK.csproj", "{08CECBF3-9078-447C-A7EB-F32E780231E3}"
EndProject
Project("{FAE04EC0-301F-11D3-BF4B-00C04F79EFBC}") = "TextBox, Lable, Button", "..\TextBox, Lable, Button\TextBox, Lable, Button.csproj", "{195C3B67-6E1E-4BE1-8864-B9C2D7406BCE}"
EndProject
Global
	GlobalSection(SolutionConfigurationPlatforms) = preSolution
		Debug|Any CPU = Debug|Any CPU
		Release|Any CPU = Release|Any CPU
	EndGlobalSection
	GlobalSection(ProjectConfigurationPlatforms) = postSolution
		{C6FFFE48-A328-45DE-8F8E-58CDDDF58C17}.Debug|Any CPU.ActiveCfg = Debug|Any CPU
		{C6FFFE48-A328-45DE-8F8E-58CDDDF58C17}.Debug|Any CPU.Build.0 = Debug|Any CPU
		{C6FFFE48-A328-45DE-8F8E-58CDDDF58C17}.Release|Any CPU.ActiveCfg = Release|Any CPU
		{C6FFFE48-A328-45DE-8F8E-58CDDDF58C17}.Release|Any CPU.Build.0 = Release|Any CPU
		{FF9BE5B2-9D05-4822-BBDD-03102B67A6CD}.Debug|Any CPU.ActiveCfg = Debug|Any CPU
		{FF9BE5B2-9D05-4822-BBDD-03102B67A6CD}.Debug|Any CPU.Build.0 = Debug|Any CPU
		{FF9BE5B2-9D05-4822-BBDD-03102B67A6CD}.Release|Any CPU.ActiveCfg = Release|Any CPU
		{FF9BE5B2-9D05-4822-BBDD-03102B67A6CD}.Release|Any CPU.Build.0 = Release|Any CPU
		{2DDB5448-0CE2-40C4-A00E-B02E10EB85D4}.Debug|Any CPU.ActiveCfg = Debug|Any CPU
		{2DDB5448-0CE2-40C4-A00E-B02E10EB85D4}.Debug|Any CPU.Build.0 = Debug|Any CPU
		{2DDB5448-0CE2-40C4-A00E-B02E10EB85D4}.Release|Any CPU.ActiveCfg = Release|Any CPU
		{2DDB5448-0CE2-40C4-A00E-B02E10EB85D4}.Release|Any CPU.Build.0 = Release|Any CPU
		{08CECBF3-9078-447C-A7EB-F32E780231E3}.Debug|Any CPU.ActiveCfg = Debug|Any CPU
		{08CECBF3-9078-447C-A7EB-F32E780231E3}.Debug|Any CPU.Build.0 = Debug|Any CPU
		{08CECBF3-9078-447C-A7EB-F32E780231E3}.Release|Any CPU.ActiveCfg = Release|Any CPU
		{08CECBF3-9078-447C-A7EB-F32E780231E3}.Release|Any CPU.Build.0 = Release|Any CPU
		{195C3B67-6E1E-4BE1-8864-B9C2D7406BCE}.Debug|Any CPU.ActiveCfg = Debug|Any CPU
		{195C3B67-6E1E-4BE1-8864-B9C2D7406BCE}.Debug|Any CPU.Build.0 = Debug|Any CPU
		{195C3B67-6E1E-4BE1-8864-B9C2D7406BCE}.Release|Any CPU.ActiveCfg = Release|Any CPU
		{195C3B67-6E1E-4BE1-8864-B9C2D7406BCE}.Release|Any CPU.Build.0 = Release|Any CPU
	EndGlobalSection
	GlobalSection(SolutionProperties) = preSolution
		HideSolutionNode = FALSE
	EndGlobalSection
	GlobalSection(ExtensibilityGlobals) = postSolution
		SolutionGuid = {A2CD9124-03F1-4CDA-8FF1-ABDF43F4DED2}
	EndGlobalSection
EndGlobal
